
Microsoft Visual Studio Solution File, Format Version 12.00
# Visual Studio Version 17
VisualStudioVersion = 17.0.31903.59
MinimumVisualStudioVersion = 10.0.40219.1
Project("{FAE04EC0-301F-11D3-BF4B-00C04F79EFBC}") = "AsymetricEncryptionConsole", "AsymetricEncryptionConsole\AsymetricEncryptionConsole.csproj", "{7E23C70F-D52D-4EC7-AA4A-6BC197B027E3}"
EndProject
Project("{FAE04EC0-301F-11D3-BF4B-00C04F79EFBC}") = "ServerApi-AsymetricEncryption.JWE_DEMO", "ServerApi-AsymetricEncryption.JWE_DEMO\ServerApi-AsymetricEncryption.JWE_DEMO.csproj", "{1D06D03D-0CC0-48B1-808F-963E0C2FC1D3}"
EndProject
Global
	GlobalSection(SolutionConfigurationPlatforms) = preSolution
		Debug|Any CPU = Debug|Any CPU
		Release|Any CPU = Release|Any CPU
	EndGlobalSection
	GlobalSection(ProjectConfigurationPlatforms) = postSolution
		{7E23C70F-D52D-4EC7-AA4A-6BC197B027E3}.Debug|Any CPU.ActiveCfg = Debug|Any CPU
		{7E23C70F-D52D-4EC7-AA4A-6BC197B027E3}.Debug|Any CPU.Build.0 = Debug|Any CPU
		{7E23C70F-D52D-4EC7-AA4A-6BC197B027E3}.Release|Any CPU.ActiveCfg = Release|Any CPU
		{7E23C70F-D52D-4EC7-AA4A-6BC197B027E3}.Release|Any CPU.Build.0 = Release|Any CPU
		{1D06D03D-0CC0-48B1-808F-963E0C2FC1D3}.Debug|Any CPU.ActiveCfg = Debug|Any CPU
		{1D06D03D-0CC0-48B1-808F-963E0C2FC1D3}.Debug|Any CPU.Build.0 = Debug|Any CPU
		{1D06D03D-0CC0-48B1-808F-963E0C2FC1D3}.Release|Any CPU.ActiveCfg = Release|Any CPU
		{1D06D03D-0CC0-48B1-808F-963E0C2FC1D3}.Release|Any CPU.Build.0 = Release|Any CPU
	EndGlobalSection
	GlobalSection(SolutionProperties) = preSolution
		HideSolutionNode = FALSE
	EndGlobalSection
	GlobalSection(ExtensibilityGlobals) = postSolution
		SolutionGuid = {8244AC44-63F3-4550-BE5B-C08104DE0B55}
	EndGlobalSection
EndGlobal
